
Microsoft Visual Studio Solution File, Format Version 12.00
# Visual Studio Version 16
VisualStudioVersion = 16.0.29025.244
MinimumVisualStudioVersion = 10.0.40219.1
Project("{9A19103F-16F7-4668-BE54-9A1E7A4F7556}") = "UnitTest", "UnitTest\UnitTest.csproj", "{1C74DB19-6E09-4F48-B8C7-E98D3B5A0046}"
EndProject
Project("{9A19103F-16F7-4668-BE54-9A1E7A4F7556}") = "DI", "DI\DI.csproj", "{B3C29D8A-EBF0-4577-B348-5CC19552DC1A}"
EndProject
Project("{FAE04EC0-301F-11D3-BF4B-00C04F79EFBC}") = "Game", "Game\Game.csproj", "{676F6F43-EA93-494D-8F9C-0D0BF367975F}"
EndProject
Project("{FAE04EC0-301F-11D3-BF4B-00C04F79EFBC}") = "Game.UnitTest", "Game.UnitTest\Game.UnitTest.csproj", "{8AB84FD3-BC1E-4D46-BFB2-C2E087811A9C}"
EndProject
Global
	GlobalSection(SolutionConfigurationPlatforms) = preSolution
		Debug|Any CPU = Debug|Any CPU
		Release|Any CPU = Release|Any CPU
	EndGlobalSection
	GlobalSection(ProjectConfigurationPlatforms) = postSolution
		{1C74DB19-6E09-4F48-B8C7-E98D3B5A0046}.Debug|Any CPU.ActiveCfg = Debug|Any CPU
		{1C74DB19-6E09-4F48-B8C7-E98D3B5A0046}.Debug|Any CPU.Build.0 = Debug|Any CPU
		{1C74DB19-6E09-4F48-B8C7-E98D3B5A0046}.Release|Any CPU.ActiveCfg = Release|Any CPU
		{1C74DB19-6E09-4F48-B8C7-E98D3B5A0046}.Release|Any CPU.Build.0 = Release|Any CPU
		{B3C29D8A-EBF0-4577-B348-5CC19552DC1A}.Debug|Any CPU.ActiveCfg = Debug|Any CPU
		{B3C29D8A-EBF0-4577-B348-5CC19552DC1A}.Debug|Any CPU.Build.0 = Debug|Any CPU
		{B3C29D8A-EBF0-4577-B348-5CC19552DC1A}.Release|Any CPU.ActiveCfg = Release|Any CPU
		{B3C29D8A-EBF0-4577-B348-5CC19552DC1A}.Release|Any CPU.Build.0 = Release|Any CPU
		{676F6F43-EA93-494D-8F9C-0D0BF367975F}.Debug|Any CPU.ActiveCfg = Debug|Any CPU
		{676F6F43-EA93-494D-8F9C-0D0BF367975F}.Debug|Any CPU.Build.0 = Debug|Any CPU
		{676F6F43-EA93-494D-8F9C-0D0BF367975F}.Release|Any CPU.ActiveCfg = Release|Any CPU
		{676F6F43-EA93-494D-8F9C-0D0BF367975F}.Release|Any CPU.Build.0 = Release|Any CPU
		{8AB84FD3-BC1E-4D46-BFB2-C2E087811A9C}.Debug|Any CPU.ActiveCfg = Debug|Any CPU
		{8AB84FD3-BC1E-4D46-BFB2-C2E087811A9C}.Debug|Any CPU.Build.0 = Debug|Any CPU
		{8AB84FD3-BC1E-4D46-BFB2-C2E087811A9C}.Release|Any CPU.ActiveCfg = Release|Any CPU
		{8AB84FD3-BC1E-4D46-BFB2-C2E087811A9C}.Release|Any CPU.Build.0 = Release|Any CPU
	EndGlobalSection
	GlobalSection(SolutionProperties) = preSolution
		HideSolutionNode = FALSE
	EndGlobalSection
	GlobalSection(ExtensibilityGlobals) = postSolution
		SolutionGuid = {58F8688F-0738-4669-8A94-CE8184A264DD}
	EndGlobalSection
EndGlobal
